<?xml version="1.0" encoding="utf-8"?>
<Project ToolsVersion="4.0" xmlns="http://schemas.microsoft.com/developer/msbuild/2003">
  <ItemGroup>
    <Filter Include="Header Files">
      <UniqueIdentifier>{cf9cffc3-0868-4b12-bb1d-b694466056ae}</UniqueIdentifier>
    </Filter>
    <Filter Include="Source Files">
      <UniqueIdentifier>{dee907e2-f536-4323-a1cc-c8cbc28f5f7c}</UniqueIdentifier>
    </Filter>
  </ItemGroup>
  <ItemGroup>
    <ClInclude Include="Configuration.h">
      <Filter>Header Files</Filter>
    </ClInclude>
    <ClInclude Include="ConfigurationHandler.h">
      <Filter>Header Files</Filter>
    </ClInclude>
    <ClInclude Include="defines.h">
      <Filter>Header Files</Filter>
    </ClInclude>
    <ClInclude Include="Leg.h">
      <Filter>Header Files</Filter>
    </ClInclude>
    <ClInclude Include="LegConstants.h">
      <Filter>Header Files</Filter>
    </ClInclude>
    <ClInclude Include="MathEngine.h">
      <Filter>Header Files</Filter>
    </ClInclude>
    <ClInclude Include="MotionEngine.h">
      <Filter>Header Files</Filter>
    </ClInclude>
    <ClInclude Include="PerformanceTimer.h">
      <Filter>Header Files</Filter>
    </ClInclude>
    <ClInclude Include="SerialConnectionHandler.h">
      <Filter>Header Files</Filter>
    </ClInclude>
    <ClInclude Include="Servo.h">
      <Filter>Header Files</Filter>
    </ClInclude>
    <ClInclude Include="ServoConfigurationDefaults.h">
      <Filter>Header Files</Filter>
    </ClInclude>
    <ClInclude Include="spline.h">
      <Filter>Header Files</Filter>
    </ClInclude>
    <ClInclude Include="Timer.h">
      <Filter>Header Files</Filter>
    </ClInclude>
    <ClInclude Include="MqttHandler.h">
      <Filter>Header Files</Filter>
    </ClInclude>
  </ItemGroup>
  <ItemGroup>
    <ClCompile Include="Configuration.cpp">
      <Filter>Source Files</Filter>
    </ClCompile>
    <ClCompile Include="ConfigurationHandler.cpp">
      <Filter>Source Files</Filter>
    </ClCompile>
    <ClCompile Include="Leg.cpp">
      <Filter>Source Files</Filter>
    </ClCompile>
    <ClCompile Include="MathEngine.cpp">
      <Filter>Source Files</Filter>
    </ClCompile>
    <ClCompile Include="MotionEngine.cpp">
      <Filter>Source Files</Filter>
    </ClCompile>
    <ClCompile Include="PerformanceTimer.cpp">
      <Filter>Source Files</Filter>
    </ClCompile>
    <ClCompile Include="SerialConnectionHandler.cpp">
      <Filter>Source Files</Filter>
    </ClCompile>
    <ClCompile Include="Servo.cpp">
      <Filter>Source Files</Filter>
    </ClCompile>
    <ClCompile Include="main.cpp" />
    <ClCompile Include="Timer.cpp">
      <Filter>Source Files</Filter>
    </ClCompile>
    <ClCompile Include="MqttHandler.cpp">
      <Filter>Source Files</Filter>
    </ClCompile>
  </ItemGroup>
</Project>